
Microsoft Visual Studio Solution File, Format Version 12.00
# Visual Studio Version 16
VisualStudioVersion = 16.0.29306.81
MinimumVisualStudioVersion = 10.0.40219.1
Project("{9A19103F-16F7-4668-BE54-9A1E7A4F7556}") = "PrmSerilogCustomization", "PrmSerilogCustomization\PrmSerilogCustomization.csproj", "{8E6A57EB-3059-4A0F-8D4B-28B366A578A6}"
EndProject
Project("{9A19103F-16F7-4668-BE54-9A1E7A4F7556}") = "PrmSerilogCustomizationTest", "PrmSerilogCustomizationTest\PrmSerilogCustomizationTest.csproj", "{4D0126D3-C337-42AD-98B7-2AE07BAC4DC4}"
EndProject
Global
	GlobalSection(SolutionConfigurationPlatforms) = preSolution
		Debug|Any CPU = Debug|Any CPU
		Release|Any CPU = Release|Any CPU
	EndGlobalSection
	GlobalSection(ProjectConfigurationPlatforms) = postSolution
		{8E6A57EB-3059-4A0F-8D4B-28B366A578A6}.Debug|Any CPU.ActiveCfg = Debug|Any CPU
		{8E6A57EB-3059-4A0F-8D4B-28B366A578A6}.Debug|Any CPU.Build.0 = Debug|Any CPU
		{8E6A57EB-3059-4A0F-8D4B-28B366A578A6}.Release|Any CPU.ActiveCfg = Release|Any CPU
		{8E6A57EB-3059-4A0F-8D4B-28B366A578A6}.Release|Any CPU.Build.0 = Release|Any CPU
		{4D0126D3-C337-42AD-98B7-2AE07BAC4DC4}.Debug|Any CPU.ActiveCfg = Debug|Any CPU
		{4D0126D3-C337-42AD-98B7-2AE07BAC4DC4}.Debug|Any CPU.Build.0 = Debug|Any CPU
		{4D0126D3-C337-42AD-98B7-2AE07BAC4DC4}.Release|Any CPU.ActiveCfg = Release|Any CPU
		{4D0126D3-C337-42AD-98B7-2AE07BAC4DC4}.Release|Any CPU.Build.0 = Release|Any CPU
	EndGlobalSection
	GlobalSection(SolutionProperties) = preSolution
		HideSolutionNode = FALSE
	EndGlobalSection
	GlobalSection(ExtensibilityGlobals) = postSolution
		SolutionGuid = {8D606839-278F-4C68-ABE6-D4758FA084F1}
	EndGlobalSection
EndGlobal
